
Microsoft Visual Studio Solution File, Format Version 12.00
# Visual Studio Version 17
VisualStudioVersion = 17.9.34728.123
MinimumVisualStudioVersion = 10.0.40219.1
Project("{FAE04EC0-301F-11D3-BF4B-00C04F79EFBC}") = "FormularioSimple3", "FormularioSimple3.csproj", "{1C4354B5-3964-401D-B384-89533D473F7E}"
EndProject
Global
	GlobalSection(SolutionConfigurationPlatforms) = preSolution
		Debug|Any CPU = Debug|Any CPU
		Release|Any CPU = Release|Any CPU
	EndGlobalSection
	GlobalSection(ProjectConfigurationPlatforms) = postSolution
		{1C4354B5-3964-401D-B384-89533D473F7E}.Debug|Any CPU.ActiveCfg = Debug|Any CPU
		{1C4354B5-3964-401D-B384-89533D473F7E}.Debug|Any CPU.Build.0 = Debug|Any CPU
		{1C4354B5-3964-401D-B384-89533D473F7E}.Release|Any CPU.ActiveCfg = Release|Any CPU
		{1C4354B5-3964-401D-B384-89533D473F7E}.Release|Any CPU.Build.0 = Release|Any CPU
	EndGlobalSection
	GlobalSection(SolutionProperties) = preSolution
		HideSolutionNode = FALSE
	EndGlobalSection
	GlobalSection(ExtensibilityGlobals) = postSolution
		SolutionGuid = {6E5D9267-F32B-4D8E-8A93-8BF6DD314BF9}
	EndGlobalSection
EndGlobal
